Microsoft Visual Studio Solution File, Format Version 8.00
Project("{8BC9CEB8-8B4A-11D0-8D11-00A0C91BC942}") = "chatroom", "chatroom.vcproj", "{A53F2FF4-F4B8-49F9-861B-B71D17B03068}"
	ProjectSection(ProjectDependencies) = postProject
	EndProjectSection
EndProject
Global
	GlobalSection(SolutionConfiguration) = preSolution
		Debug = Debug
		Release = Release
	EndGlobalSection
	GlobalSection(ProjectConfiguration) = postSolution
		{A53F2FF4-F4B8-49F9-861B-B71D17B03068}.Debug.ActiveCfg = Debug|Win32
		{A53F2FF4-F4B8-49F9-861B-B71D17B03068}.Debug.Build.0 = Debug|Win32
		{A53F2FF4-F4B8-49F9-861B-B71D17B03068}.Release.ActiveCfg = Release|Win32
		{A53F2FF4-F4B8-49F9-861B-B71D17B03068}.Release.Build.0 = Release|Win32
	EndGlobalSection
	GlobalSection(ExtensibilityGlobals) = postSolution
	EndGlobalSection
	GlobalSection(ExtensibilityAddIns) = postSolution
	EndGlobalSection
EndGlobal
